
Microsoft Visual Studio Solution File, Format Version 12.00
# Visual Studio Version 17
VisualStudioVersion = 17.0.31825.309
MinimumVisualStudioVersion = 10.0.40219.1
Project("{FAE04EC0-301F-11D3-BF4B-00C04F79EFBC}") = "App1.Android", "App1\App1.Android\App1.Android.csproj", "{15093F27-8BDF-419B-9485-BA0B2954551F}"
EndProject
Project("{FAE04EC0-301F-11D3-BF4B-00C04F79EFBC}") = "App1.iOS", "App1\App1.iOS\App1.iOS.csproj", "{4F252EFA-E64C-4108-BF9C-194C982E4C74}"
EndProject
Project("{FAE04EC0-301F-11D3-BF4B-00C04F79EFBC}") = "App1", "App1\App1\App1.csproj", "{B2C04558-D428-4B82-9B02-D6C18109C9B3}"
EndProject
Global
	GlobalSection(SolutionConfigurationPlatforms) = preSolution
		Debug|Any CPU = Debug|Any CPU
		Debug|iPhone = Debug|iPhone
		Debug|iPhoneSimulator = Debug|iPhoneSimulator
		Release|Any CPU = Release|Any CPU
		Release|iPhone = Release|iPhone
		Release|iPhoneSimulator = Release|iPhoneSimulator
	EndGlobalSection
	GlobalSection(ProjectConfigurationPlatforms) = postSolution
		{15093F27-8BDF-419B-9485-BA0B2954551F}.Debug|Any CPU.ActiveCfg = Debug|Any CPU
		{15093F27-8BDF-419B-9485-BA0B2954551F}.Debug|Any CPU.Build.0 = Debug|Any CPU
		{15093F27-8BDF-419B-9485-BA0B2954551F}.Debug|Any CPU.Deploy.0 = Debug|Any CPU
		{15093F27-8BDF-419B-9485-BA0B2954551F}.Debug|iPhone.ActiveCfg = Debug|Any CPU
		{15093F27-8BDF-419B-9485-BA0B2954551F}.Debug|iPhone.Build.0 = Debug|Any CPU
		{15093F27-8BDF-419B-9485-BA0B2954551F}.Debug|iPhone.Deploy.0 = Debug|Any CPU
		{15093F27-8BDF-419B-9485-BA0B2954551F}.Debug|iPhoneSimulator.ActiveCfg = Debug|Any CPU
		{15093F27-8BDF-419B-9485-BA0B2954551F}.Debug|iPhoneSimulator.Build.0 = Debug|Any CPU
		{15093F27-8BDF-419B-9485-BA0B2954551F}.Debug|iPhoneSimulator.Deploy.0 = Debug|Any CPU
		{15093F27-8BDF-419B-9485-BA0B2954551F}.Release|Any CPU.ActiveCfg = Release|Any CPU
		{15093F27-8BDF-419B-9485-BA0B2954551F}.Release|Any CPU.Build.0 = Release|Any CPU
		{15093F27-8BDF-419B-9485-BA0B2954551F}.Release|Any CPU.Deploy.0 = Release|Any CPU
		{15093F27-8BDF-419B-9485-BA0B2954551F}.Release|iPhone.ActiveCfg = Release|Any CPU
		{15093F27-8BDF-419B-9485-BA0B2954551F}.Release|iPhone.Build.0 = Release|Any CPU
		{15093F27-8BDF-419B-9485-BA0B2954551F}.Release|iPhone.Deploy.0 = Release|Any CPU
		{15093F27-8BDF-419B-9485-BA0B2954551F}.Release|iPhoneSimulator.ActiveCfg = Release|Any CPU
		{15093F27-8BDF-419B-9485-BA0B2954551F}.Release|iPhoneSimulator.Build.0 = Release|Any CPU
		{15093F27-8BDF-419B-9485-BA0B2954551F}.Release|iPhoneSimulator.Deploy.0 = Release|Any CPU
		{4F252EFA-E64C-4108-BF9C-194C982E4C74}.Debug|Any CPU.ActiveCfg = Debug|iPhone
		{4F252EFA-E64C-4108-BF9C-194C982E4C74}.Debug|Any CPU.Build.0 = Debug|iPhone
		{4F252EFA-E64C-4108-BF9C-194C982E4C74}.Debug|Any CPU.Deploy.0 = Debug|iPhone
		{4F252EFA-E64C-4108-BF9C-194C982E4C74}.Debug|iPhone.ActiveCfg = Debug|iPhone
		{4F252EFA-E64C-4108-BF9C-194C982E4C74}.Debug|iPhone.Build.0 = Debug|iPhone
		{4F252EFA-E64C-4108-BF9C-194C982E4C74}.Debug|iPhone.Deploy.0 = Debug|iPhone
		{4F252EFA-E64C-4108-BF9C-194C982E4C74}.Debug|iPhoneSimulator.ActiveCfg = Debug|iPhoneSimulator
		{4F252EFA-E64C-4108-BF9C-194C982E4C74}.Debug|iPhoneSimulator.Build.0 = Debug|iPhoneSimulator
		{4F252EFA-E64C-4108-BF9C-194C982E4C74}.Debug|iPhoneSimulator.Deploy.0 = Debug|iPhoneSimulator
		{4F252EFA-E64C-4108-BF9C-194C982E4C74}.Release|Any CPU.ActiveCfg = Release|iPhoneSimulator
		{4F252EFA-E64C-4108-BF9C-194C982E4C74}.Release|Any CPU.Build.0 = Release|iPhoneSimulator
		{4F252EFA-E64C-4108-BF9C-194C982E4C74}.Release|Any CPU.Deploy.0 = Release|iPhoneSimulator
		{4F252EFA-E64C-4108-BF9C-194C982E4C74}.Release|iPhone.ActiveCfg = Release|iPhone
		{4F252EFA-E64C-4108-BF9C-194C982E4C74}.Release|iPhone.Build.0 = Release|iPhone
		{4F252EFA-E64C-4108-BF9C-194C982E4C74}.Release|iPhone.Deploy.0 = Release|iPhone
		{4F252EFA-E64C-4108-BF9C-194C982E4C74}.Release|iPhoneSimulator.ActiveCfg = Release|iPhoneSimulator
		{4F252EFA-E64C-4108-BF9C-194C982E4C74}.Release|iPhoneSimulator.Build.0 = Release|iPhoneSimulator
		{4F252EFA-E64C-4108-BF9C-194C982E4C74}.Release|iPhoneSimulator.Deploy.0 = Release|iPhoneSimulator
		{B2C04558-D428-4B82-9B02-D6C18109C9B3}.Debug|Any CPU.ActiveCfg = Debug|Any CPU
		{B2C04558-D428-4B82-9B02-D6C18109C9B3}.Debug|Any CPU.Build.0 = Debug|Any CPU
		{B2C04558-D428-4B82-9B02-D6C18109C9B3}.Debug|Any CPU.Deploy.0 = Debug|Any CPU
		{B2C04558-D428-4B82-9B02-D6C18109C9B3}.Debug|iPhone.ActiveCfg = Debug|Any CPU
		{B2C04558-D428-4B82-9B02-D6C18109C9B3}.Debug|iPhone.Build.0 = Debug|Any CPU
		{B2C04558-D428-4B82-9B02-D6C18109C9B3}.Debug|iPhone.Deploy.0 = Debug|Any CPU
		{B2C04558-D428-4B82-9B02-D6C18109C9B3}.Debug|iPhoneSimulator.ActiveCfg = Debug|Any CPU
		{B2C04558-D428-4B82-9B02-D6C18109C9B3}.Debug|iPhoneSimulator.Build.0 = Debug|Any CPU
		{B2C04558-D428-4B82-9B02-D6C18109C9B3}.Debug|iPhoneSimulator.Deploy.0 = Debug|Any CPU
		{B2C04558-D428-4B82-9B02-D6C18109C9B3}.Release|Any CPU.ActiveCfg = Release|Any CPU
		{B2C04558-D428-4B82-9B02-D6C18109C9B3}.Release|Any CPU.Build.0 = Release|Any CPU
		{B2C04558-D428-4B82-9B02-D6C18109C9B3}.Release|Any CPU.Deploy.0 = Release|Any CPU
		{B2C04558-D428-4B82-9B02-D6C18109C9B3}.Release|iPhone.ActiveCfg = Release|Any CPU
		{B2C04558-D428-4B82-9B02-D6C18109C9B3}.Release|iPhone.Build.0 = Release|Any CPU
		{B2C04558-D428-4B82-9B02-D6C18109C9B3}.Release|iPhone.Deploy.0 = Release|Any CPU
		{B2C04558-D428-4B82-9B02-D6C18109C9B3}.Release|iPhoneSimulator.ActiveCfg = Release|Any CPU
		{B2C04558-D428-4B82-9B02-D6C18109C9B3}.Release|iPhoneSimulator.Build.0 = Release|Any CPU
		{B2C04558-D428-4B82-9B02-D6C18109C9B3}.Release|iPhoneSimulator.Deploy.0 = Release|Any CPU
	EndGlobalSection
	GlobalSection(SolutionProperties) = preSolution
		HideSolutionNode = FALSE
	EndGlobalSection
	GlobalSection(ExtensibilityGlobals) = postSolution
		SolutionGuid = {65AC3C44-6AA2-496A-A30D-ADF687CB27D7}
	EndGlobalSection
EndGlobal
